
Microsoft Visual Studio Solution File, Format Version 12.00
# Visual Studio Version 17
VisualStudioVersion = 17.14.36408.4
MinimumVisualStudioVersion = 10.0.40219.1
Project("{2150E333-8FDC-42A3-9474-1A3956D46DE8}") = "Services", "Services", "{02EA681E-C7D8-13C7-8484-4AC65E1B71E8}"
EndProject
Project("{2150E333-8FDC-42A3-9474-1A3956D46DE8}") = "ApiGateways", "ApiGateways", "{79700BE5-0A1A-4FB0-A368-FD9BD1B49C43}"
EndProject
Project("{FAE04EC0-301F-11D3-BF4B-00C04F79EFBC}") = "OcelotApiGateway", "OcelotApiGateway\OcelotApiGateway.csproj", "{CB7815F8-DEFD-4A8C-AC0E-EB7A0D084B23}"
EndProject
Project("{2150E333-8FDC-42A3-9474-1A3956D46DE8}") = "BuildingBlocks", "BuildingBlocks", "{7F707180-774E-40D6-8C8C-DD39ABAC2601}"
EndProject
Project("{2150E333-8FDC-42A3-9474-1A3956D46DE8}") = "IdentityService", "IdentityService", "{3EC32F6E-94E8-499E-889C-566AF59D73D6}"
EndProject
Project("{2150E333-8FDC-42A3-9474-1A3956D46DE8}") = "PaymentService", "PaymentService", "{15C0257F-78A2-4A0C-82F8-9A122BD6FF8B}"
EndProject
Project("{2150E333-8FDC-42A3-9474-1A3956D46DE8}") = "CourseService", "CourseService", "{5B64391E-3D0E-4DC2-ADB9-E7D9248F475A}"
EndProject
Project("{2150E333-8FDC-42A3-9474-1A3956D46DE8}") = "DiscussionService", "DiscussionService", "{32D4AD77-7968-46EA-A1C4-281FFC9067C4}"
EndProject
Project("{FAE04EC0-301F-11D3-BF4B-00C04F79EFBC}") = "Identity.Api", "Identity.Api\Identity.Api.csproj", "{9FD59E5B-A30B-4F91-8757-53E4E9639DEB}"
EndProject
Project("{FAE04EC0-301F-11D3-BF4B-00C04F79EFBC}") = "Identity.Application", "Identity.Application\Identity.Application.csproj", "{797B7E43-8BF3-4A9C-B9C9-600AB5765CDE}"
EndProject
Project("{FAE04EC0-301F-11D3-BF4B-00C04F79EFBC}") = "Identity.Infrastructure", "Identity.Infrastructure\Identity.Infrastructure.csproj", "{768531CA-09B8-4963-B11B-24D36C91570C}"
EndProject
Project("{FAE04EC0-301F-11D3-BF4B-00C04F79EFBC}") = "Identity.Domain", "Identity.Domain\Identity.Domain.csproj", "{3E799E48-75CF-446D-BFD0-83C502EE6E5E}"
EndProject
Project("{FAE04EC0-301F-11D3-BF4B-00C04F79EFBC}") = "Shared", "Shared\Shared.csproj", "{B71C94E8-86B3-465C-A2A8-FBE1E59DA48D}"
EndProject
Project("{FAE04EC0-301F-11D3-BF4B-00C04F79EFBC}") = "EventBus", "EventBus\EventBus.csproj", "{43CCCD52-78F5-4A15-9A60-5ED444E1F5A3}"
EndProject
Project("{FAE04EC0-301F-11D3-BF4B-00C04F79EFBC}") = "Payment.Api", "Payment.Api\Payment.Api.csproj", "{BDD67594-B9E5-4193-ACB3-12484923E49C}"
EndProject
Project("{FAE04EC0-301F-11D3-BF4B-00C04F79EFBC}") = "Payment.Application", "Payment.Application\Payment.Application.csproj", "{12920470-3D68-4ADE-B605-C5078197EA00}"
EndProject
Project("{FAE04EC0-301F-11D3-BF4B-00C04F79EFBC}") = "Payment.Infrastructure", "Payment.Infrastructure\Payment.Infrastructure.csproj", "{F636C360-C2B0-4C99-ADE5-5BD001247468}"
EndProject
Project("{FAE04EC0-301F-11D3-BF4B-00C04F79EFBC}") = "Payment.Domain", "Payment.Domain\Payment.Domain.csproj", "{8034ECE8-B690-44A1-8935-39DA0FFBB556}"
EndProject
Project("{FAE04EC0-301F-11D3-BF4B-00C04F79EFBC}") = "Course.Api", "Course.Api\Course.Api.csproj", "{D029A2CD-65C9-46BF-B408-ACF0AA77A1AE}"
EndProject
Project("{FAE04EC0-301F-11D3-BF4B-00C04F79EFBC}") = "Course.Application", "Course.Application\Course.Application.csproj", "{CF8605B2-5D9A-4B96-A9EF-EF2161C1BF41}"
EndProject
Project("{FAE04EC0-301F-11D3-BF4B-00C04F79EFBC}") = "Course.Infrastructure", "Course.Infrastructure\Course.Infrastructure.csproj", "{3556D554-5744-4EAD-A56F-86CC5FA3088C}"
EndProject
Project("{FAE04EC0-301F-11D3-BF4B-00C04F79EFBC}") = "Course.Domain", "Course.Domain\Course.Domain.csproj", "{0CBC6A4F-8799-486C-9171-33C42E2DF4C9}"
EndProject
Project("{2150E333-8FDC-42A3-9474-1A3956D46DE8}") = "WebApps", "WebApps", "{3593A55E-1DD0-49A9-ABD7-0E8DD304027A}"
EndProject
Project("{FAE04EC0-301F-11D3-BF4B-00C04F79EFBC}") = "Front-end", "Front-end\Front-end.csproj", "{F0E1F485-581B-4A3F-8454-0D3DA39BF485}"
EndProject
Global
	GlobalSection(SolutionConfigurationPlatforms) = preSolution
		Debug|Any CPU = Debug|Any CPU
		Release|Any CPU = Release|Any CPU
	EndGlobalSection
	GlobalSection(ProjectConfigurationPlatforms) = postSolution
		{CB7815F8-DEFD-4A8C-AC0E-EB7A0D084B23}.Debug|Any CPU.ActiveCfg = Debug|Any CPU
		{CB7815F8-DEFD-4A8C-AC0E-EB7A0D084B23}.Debug|Any CPU.Build.0 = Debug|Any CPU
		{CB7815F8-DEFD-4A8C-AC0E-EB7A0D084B23}.Release|Any CPU.ActiveCfg = Release|Any CPU
		{CB7815F8-DEFD-4A8C-AC0E-EB7A0D084B23}.Release|Any CPU.Build.0 = Release|Any CPU
		{9FD59E5B-A30B-4F91-8757-53E4E9639DEB}.Debug|Any CPU.ActiveCfg = Debug|Any CPU
		{9FD59E5B-A30B-4F91-8757-53E4E9639DEB}.Debug|Any CPU.Build.0 = Debug|Any CPU
		{9FD59E5B-A30B-4F91-8757-53E4E9639DEB}.Release|Any CPU.ActiveCfg = Release|Any CPU
		{9FD59E5B-A30B-4F91-8757-53E4E9639DEB}.Release|Any CPU.Build.0 = Release|Any CPU
		{797B7E43-8BF3-4A9C-B9C9-600AB5765CDE}.Debug|Any CPU.ActiveCfg = Debug|Any CPU
		{797B7E43-8BF3-4A9C-B9C9-600AB5765CDE}.Debug|Any CPU.Build.0 = Debug|Any CPU
		{797B7E43-8BF3-4A9C-B9C9-600AB5765CDE}.Release|Any CPU.ActiveCfg = Release|Any CPU
		{797B7E43-8BF3-4A9C-B9C9-600AB5765CDE}.Release|Any CPU.Build.0 = Release|Any CPU
		{768531CA-09B8-4963-B11B-24D36C91570C}.Debug|Any CPU.ActiveCfg = Debug|Any CPU
		{768531CA-09B8-4963-B11B-24D36C91570C}.Debug|Any CPU.Build.0 = Debug|Any CPU
		{768531CA-09B8-4963-B11B-24D36C91570C}.Release|Any CPU.ActiveCfg = Release|Any CPU
		{768531CA-09B8-4963-B11B-24D36C91570C}.Release|Any CPU.Build.0 = Release|Any CPU
		{3E799E48-75CF-446D-BFD0-83C502EE6E5E}.Debug|Any CPU.ActiveCfg = Debug|Any CPU
		{3E799E48-75CF-446D-BFD0-83C502EE6E5E}.Debug|Any CPU.Build.0 = Debug|Any CPU
		{3E799E48-75CF-446D-BFD0-83C502EE6E5E}.Release|Any CPU.ActiveCfg = Release|Any CPU
		{3E799E48-75CF-446D-BFD0-83C502EE6E5E}.Release|Any CPU.Build.0 = Release|Any CPU
		{B71C94E8-86B3-465C-A2A8-FBE1E59DA48D}.Debug|Any CPU.ActiveCfg = Debug|Any CPU
		{B71C94E8-86B3-465C-A2A8-FBE1E59DA48D}.Debug|Any CPU.Build.0 = Debug|Any CPU
		{B71C94E8-86B3-465C-A2A8-FBE1E59DA48D}.Release|Any CPU.ActiveCfg = Release|Any CPU
		{B71C94E8-86B3-465C-A2A8-FBE1E59DA48D}.Release|Any CPU.Build.0 = Release|Any CPU
		{43CCCD52-78F5-4A15-9A60-5ED444E1F5A3}.Debug|Any CPU.ActiveCfg = Debug|Any CPU
		{43CCCD52-78F5-4A15-9A60-5ED444E1F5A3}.Debug|Any CPU.Build.0 = Debug|Any CPU
		{43CCCD52-78F5-4A15-9A60-5ED444E1F5A3}.Release|Any CPU.ActiveCfg = Release|Any CPU
		{43CCCD52-78F5-4A15-9A60-5ED444E1F5A3}.Release|Any CPU.Build.0 = Release|Any CPU
		{BDD67594-B9E5-4193-ACB3-12484923E49C}.Debug|Any CPU.ActiveCfg = Debug|Any CPU
		{BDD67594-B9E5-4193-ACB3-12484923E49C}.Debug|Any CPU.Build.0 = Debug|Any CPU
		{BDD67594-B9E5-4193-ACB3-12484923E49C}.Release|Any CPU.ActiveCfg = Release|Any CPU
		{BDD67594-B9E5-4193-ACB3-12484923E49C}.Release|Any CPU.Build.0 = Release|Any CPU
		{12920470-3D68-4ADE-B605-C5078197EA00}.Debug|Any CPU.ActiveCfg = Debug|Any CPU
		{12920470-3D68-4ADE-B605-C5078197EA00}.Debug|Any CPU.Build.0 = Debug|Any CPU
		{12920470-3D68-4ADE-B605-C5078197EA00}.Release|Any CPU.ActiveCfg = Release|Any CPU
		{12920470-3D68-4ADE-B605-C5078197EA00}.Release|Any CPU.Build.0 = Release|Any CPU
		{F636C360-C2B0-4C99-ADE5-5BD001247468}.Debug|Any CPU.ActiveCfg = Debug|Any CPU
		{F636C360-C2B0-4C99-ADE5-5BD001247468}.Debug|Any CPU.Build.0 = Debug|Any CPU
		{F636C360-C2B0-4C99-ADE5-5BD001247468}.Release|Any CPU.ActiveCfg = Release|Any CPU
		{F636C360-C2B0-4C99-ADE5-5BD001247468}.Release|Any CPU.Build.0 = Release|Any CPU
		{8034ECE8-B690-44A1-8935-39DA0FFBB556}.Debug|Any CPU.ActiveCfg = Debug|Any CPU
		{8034ECE8-B690-44A1-8935-39DA0FFBB556}.Debug|Any CPU.Build.0 = Debug|Any CPU
		{8034ECE8-B690-44A1-8935-39DA0FFBB556}.Release|Any CPU.ActiveCfg = Release|Any CPU
		{8034ECE8-B690-44A1-8935-39DA0FFBB556}.Release|Any CPU.Build.0 = Release|Any CPU
		{D029A2CD-65C9-46BF-B408-ACF0AA77A1AE}.Debug|Any CPU.ActiveCfg = Debug|Any CPU
		{D029A2CD-65C9-46BF-B408-ACF0AA77A1AE}.Debug|Any CPU.Build.0 = Debug|Any CPU
		{D029A2CD-65C9-46BF-B408-ACF0AA77A1AE}.Release|Any CPU.ActiveCfg = Release|Any CPU
		{D029A2CD-65C9-46BF-B408-ACF0AA77A1AE}.Release|Any CPU.Build.0 = Release|Any CPU
		{CF8605B2-5D9A-4B96-A9EF-EF2161C1BF41}.Debug|Any CPU.ActiveCfg = Debug|Any CPU
		{CF8605B2-5D9A-4B96-A9EF-EF2161C1BF41}.Debug|Any CPU.Build.0 = Debug|Any CPU
		{CF8605B2-5D9A-4B96-A9EF-EF2161C1BF41}.Release|Any CPU.ActiveCfg = Release|Any CPU
		{CF8605B2-5D9A-4B96-A9EF-EF2161C1BF41}.Release|Any CPU.Build.0 = Release|Any CPU
		{3556D554-5744-4EAD-A56F-86CC5FA3088C}.Debug|Any CPU.ActiveCfg = Debug|Any CPU
		{3556D554-5744-4EAD-A56F-86CC5FA3088C}.Debug|Any CPU.Build.0 = Debug|Any CPU
		{3556D554-5744-4EAD-A56F-86CC5FA3088C}.Release|Any CPU.ActiveCfg = Release|Any CPU
		{3556D554-5744-4EAD-A56F-86CC5FA3088C}.Release|Any CPU.Build.0 = Release|Any CPU
		{0CBC6A4F-8799-486C-9171-33C42E2DF4C9}.Debug|Any CPU.ActiveCfg = Debug|Any CPU
		{0CBC6A4F-8799-486C-9171-33C42E2DF4C9}.Debug|Any CPU.Build.0 = Debug|Any CPU
		{0CBC6A4F-8799-486C-9171-33C42E2DF4C9}.Release|Any CPU.ActiveCfg = Release|Any CPU
		{0CBC6A4F-8799-486C-9171-33C42E2DF4C9}.Release|Any CPU.Build.0 = Release|Any CPU
		{F0E1F485-581B-4A3F-8454-0D3DA39BF485}.Debug|Any CPU.ActiveCfg = Debug|Any CPU
		{F0E1F485-581B-4A3F-8454-0D3DA39BF485}.Debug|Any CPU.Build.0 = Debug|Any CPU
		{F0E1F485-581B-4A3F-8454-0D3DA39BF485}.Release|Any CPU.ActiveCfg = Release|Any CPU
		{F0E1F485-581B-4A3F-8454-0D3DA39BF485}.Release|Any CPU.Build.0 = Release|Any CPU
	EndGlobalSection
	GlobalSection(SolutionProperties) = preSolution
		HideSolutionNode = FALSE
	EndGlobalSection
	GlobalSection(NestedProjects) = preSolution
		{CB7815F8-DEFD-4A8C-AC0E-EB7A0D084B23} = {79700BE5-0A1A-4FB0-A368-FD9BD1B49C43}
		{3EC32F6E-94E8-499E-889C-566AF59D73D6} = {02EA681E-C7D8-13C7-8484-4AC65E1B71E8}
		{15C0257F-78A2-4A0C-82F8-9A122BD6FF8B} = {02EA681E-C7D8-13C7-8484-4AC65E1B71E8}
		{5B64391E-3D0E-4DC2-ADB9-E7D9248F475A} = {02EA681E-C7D8-13C7-8484-4AC65E1B71E8}
		{32D4AD77-7968-46EA-A1C4-281FFC9067C4} = {02EA681E-C7D8-13C7-8484-4AC65E1B71E8}
		{9FD59E5B-A30B-4F91-8757-53E4E9639DEB} = {3EC32F6E-94E8-499E-889C-566AF59D73D6}
		{797B7E43-8BF3-4A9C-B9C9-600AB5765CDE} = {3EC32F6E-94E8-499E-889C-566AF59D73D6}
		{768531CA-09B8-4963-B11B-24D36C91570C} = {3EC32F6E-94E8-499E-889C-566AF59D73D6}
		{3E799E48-75CF-446D-BFD0-83C502EE6E5E} = {3EC32F6E-94E8-499E-889C-566AF59D73D6}
		{B71C94E8-86B3-465C-A2A8-FBE1E59DA48D} = {7F707180-774E-40D6-8C8C-DD39ABAC2601}
		{43CCCD52-78F5-4A15-9A60-5ED444E1F5A3} = {7F707180-774E-40D6-8C8C-DD39ABAC2601}
		{BDD67594-B9E5-4193-ACB3-12484923E49C} = {15C0257F-78A2-4A0C-82F8-9A122BD6FF8B}
		{12920470-3D68-4ADE-B605-C5078197EA00} = {15C0257F-78A2-4A0C-82F8-9A122BD6FF8B}
		{F636C360-C2B0-4C99-ADE5-5BD001247468} = {15C0257F-78A2-4A0C-82F8-9A122BD6FF8B}
		{8034ECE8-B690-44A1-8935-39DA0FFBB556} = {15C0257F-78A2-4A0C-82F8-9A122BD6FF8B}
		{D029A2CD-65C9-46BF-B408-ACF0AA77A1AE} = {5B64391E-3D0E-4DC2-ADB9-E7D9248F475A}
		{CF8605B2-5D9A-4B96-A9EF-EF2161C1BF41} = {5B64391E-3D0E-4DC2-ADB9-E7D9248F475A}
		{3556D554-5744-4EAD-A56F-86CC5FA3088C} = {5B64391E-3D0E-4DC2-ADB9-E7D9248F475A}
		{0CBC6A4F-8799-486C-9171-33C42E2DF4C9} = {5B64391E-3D0E-4DC2-ADB9-E7D9248F475A}
		{F0E1F485-581B-4A3F-8454-0D3DA39BF485} = {3593A55E-1DD0-49A9-ABD7-0E8DD304027A}
	EndGlobalSection
	GlobalSection(ExtensibilityGlobals) = postSolution
		SolutionGuid = {C5621F22-3215-44C4-B36A-DA86FCB156C1}
	EndGlobalSection
EndGlobal
